
Microsoft Visual Studio Solution File, Format Version 12.00
# Visual Studio Version 16
VisualStudioVersion = 16.0.30225.117
MinimumVisualStudioVersion = 10.0.40219.1
Project("{FAE04EC0-301F-11D3-BF4B-00C04F79EFBC}") = "Programmingpad", "Programmingpad\Programmingpad.csproj", "{15C8ED10-321F-4DDC-9C44-B2975EA7D163}"
EndProject
Project("{FAE04EC0-301F-11D3-BF4B-00C04F79EFBC}") = "ProgrammingpadTest", "Tests\B52Test\ProgrammingpadTest.csproj", "{F6197301-5578-49A8-9AC9-1B45EE7F094E}"
EndProject
Global
	GlobalSection(SolutionConfigurationPlatforms) = preSolution
		Debug|Any CPU = Debug|Any CPU
		Release|Any CPU = Release|Any CPU
	EndGlobalSection
	GlobalSection(ProjectConfigurationPlatforms) = postSolution
		{15C8ED10-321F-4DDC-9C44-B2975EA7D163}.Debug|Any CPU.ActiveCfg = Debug|Any CPU
		{15C8ED10-321F-4DDC-9C44-B2975EA7D163}.Debug|Any CPU.Build.0 = Debug|Any CPU
		{15C8ED10-321F-4DDC-9C44-B2975EA7D163}.Release|Any CPU.ActiveCfg = Release|Any CPU
		{15C8ED10-321F-4DDC-9C44-B2975EA7D163}.Release|Any CPU.Build.0 = Release|Any CPU
		{F6197301-5578-49A8-9AC9-1B45EE7F094E}.Debug|Any CPU.ActiveCfg = Debug|Any CPU
		{F6197301-5578-49A8-9AC9-1B45EE7F094E}.Debug|Any CPU.Build.0 = Debug|Any CPU
		{F6197301-5578-49A8-9AC9-1B45EE7F094E}.Release|Any CPU.ActiveCfg = Release|Any CPU
		{F6197301-5578-49A8-9AC9-1B45EE7F094E}.Release|Any CPU.Build.0 = Release|Any CPU
	EndGlobalSection
	GlobalSection(SolutionProperties) = preSolution
		HideSolutionNode = FALSE
	EndGlobalSection
	GlobalSection(ExtensibilityGlobals) = postSolution
		SolutionGuid = {6EE70EC4-E86A-47E4-8F0B-EF692C64DCD9}
	EndGlobalSection
EndGlobal
